
Microsoft Visual Studio Solution File, Format Version 12.00
# Visual Studio 2013
VisualStudioVersion = 12.0.40629.0
MinimumVisualStudioVersion = 10.0.40219.1
Project("{FAE04EC0-301F-11D3-BF4B-00C04F79EFBC}") = "Webservice", "Webservice\Webservice.csproj", "{27ED9743-5773-4E45-8E36-E5F0D11447AA}"
EndProject
Global
	GlobalSection(SolutionConfigurationPlatforms) = preSolution
		Debug|Any CPU = Debug|Any CPU
		Release|Any CPU = Release|Any CPU
	EndGlobalSection
	GlobalSection(ProjectConfigurationPlatforms) = postSolution
		{27ED9743-5773-4E45-8E36-E5F0D11447AA}.Debug|Any CPU.ActiveCfg = Debug|Any CPU
		{27ED9743-5773-4E45-8E36-E5F0D11447AA}.Debug|Any CPU.Build.0 = Debug|Any CPU
		{27ED9743-5773-4E45-8E36-E5F0D11447AA}.Release|Any CPU.ActiveCfg = Release|Any CPU
		{27ED9743-5773-4E45-8E36-E5F0D11447AA}.Release|Any CPU.Build.0 = Release|Any CPU
	EndGlobalSection
	GlobalSection(SolutionProperties) = preSolution
		HideSolutionNode = FALSE
	EndGlobalSection
EndGlobal
